
Microsoft Visual Studio Solution File, Format Version 12.00
# Visual Studio Version 17
VisualStudioVersion = 17.5.33516.290
MinimumVisualStudioVersion = 10.0.40219.1
Project("{9A19103F-16F7-4668-BE54-9A1E7A4F7556}") = "Undersoft.SDK", "src\Undersoft.SDK\Undersoft.SDK.csproj", "{09770E62-D0D1-477C-8EF3-EC7627417693}"
EndProject
Project("{9A19103F-16F7-4668-BE54-9A1E7A4F7556}") = "Undersoft.SDK.Service", "src\Undersoft.SDK.Service\Undersoft.SDK.Service.csproj", "{7E4B4FEC-7131-436C-9FC7-0AFB5B63ED2B}"
EndProject
Project("{9A19103F-16F7-4668-BE54-9A1E7A4F7556}") = "Undersoft.SDK.Service.Application", "src\Undersoft.SDK.Service.Application\Undersoft.SDK.Service.Application.csproj", "{7B228059-C2C4-466B-84B1-FBF5FF81579C}"
EndProject
Global
	GlobalSection(SolutionConfigurationPlatforms) = preSolution
		Debug|Any CPU = Debug|Any CPU
		Release|Any CPU = Release|Any CPU
	EndGlobalSection
	GlobalSection(ProjectConfigurationPlatforms) = postSolution
		{09770E62-D0D1-477C-8EF3-EC7627417693}.Debug|Any CPU.ActiveCfg = Debug|Any CPU
		{09770E62-D0D1-477C-8EF3-EC7627417693}.Debug|Any CPU.Build.0 = Debug|Any CPU
		{09770E62-D0D1-477C-8EF3-EC7627417693}.Release|Any CPU.ActiveCfg = Release|Any CPU
		{09770E62-D0D1-477C-8EF3-EC7627417693}.Release|Any CPU.Build.0 = Release|Any CPU
		{7E4B4FEC-7131-436C-9FC7-0AFB5B63ED2B}.Debug|Any CPU.ActiveCfg = Debug|Any CPU
		{7E4B4FEC-7131-436C-9FC7-0AFB5B63ED2B}.Debug|Any CPU.Build.0 = Debug|Any CPU
		{7E4B4FEC-7131-436C-9FC7-0AFB5B63ED2B}.Release|Any CPU.ActiveCfg = Release|Any CPU
		{7E4B4FEC-7131-436C-9FC7-0AFB5B63ED2B}.Release|Any CPU.Build.0 = Release|Any CPU
		{7B228059-C2C4-466B-84B1-FBF5FF81579C}.Debug|Any CPU.ActiveCfg = Debug|Any CPU
		{7B228059-C2C4-466B-84B1-FBF5FF81579C}.Debug|Any CPU.Build.0 = Debug|Any CPU
		{7B228059-C2C4-466B-84B1-FBF5FF81579C}.Release|Any CPU.ActiveCfg = Release|Any CPU
		{7B228059-C2C4-466B-84B1-FBF5FF81579C}.Release|Any CPU.Build.0 = Release|Any CPU
	EndGlobalSection
	GlobalSection(SolutionProperties) = preSolution
		HideSolutionNode = FALSE
	EndGlobalSection
	GlobalSection(ExtensibilityGlobals) = postSolution
		SolutionGuid = {85A37CB1-99D1-4347-B2C7-84D2538DA716}
	EndGlobalSection
EndGlobal
